dependencies:
- name: postgresql
  repository: oci://registry-1.docker.io/bitnamicharts
  version: 14.3.3
- name: common
  repository: oci://registry-1.docker.io/bitnamicharts
  version: 2.20.3
digest: sha256:5a6056663bf2dd8643c82d202767858699fb3255761712d1d9076b960800e606
generated: "2024-06-30T12:42:05.440993+03:00"
